
Microsoft Visual Studio Solution File, Format Version 12.00
# Visual Studio Version 17
VisualStudioVersion = 17.14.36429.23
MinimumVisualStudioVersion = 10.0.40219.1
Project("{FAE04EC0-301F-11D3-BF4B-00C04F79EFBC}") = "PragueParkingV2", "PragueParkingV2\PragueParkingV2.csproj", "{8D6A948F-68C3-4C72-BEF1-C733C80CA0B7}"
EndProject
Project("{FAE04EC0-301F-11D3-BF4B-00C04F79EFBC}") = "ParkingTests", "ParkingTests\TestProject1\ParkingTests.csproj", "{370D9ECB-6DD1-4F35-A07C-37F480012B94}"
EndProject
Global
	GlobalSection(SolutionConfigurationPlatforms) = preSolution
		Debug|Any CPU = Debug|Any CPU
		Release|Any CPU = Release|Any CPU
	EndGlobalSection
	GlobalSection(ProjectConfigurationPlatforms) = postSolution
		{8D6A948F-68C3-4C72-BEF1-C733C80CA0B7}.Debug|Any CPU.ActiveCfg = Debug|Any CPU
		{8D6A948F-68C3-4C72-BEF1-C733C80CA0B7}.Debug|Any CPU.Build.0 = Debug|Any CPU
		{8D6A948F-68C3-4C72-BEF1-C733C80CA0B7}.Release|Any CPU.ActiveCfg = Release|Any CPU
		{8D6A948F-68C3-4C72-BEF1-C733C80CA0B7}.Release|Any CPU.Build.0 = Release|Any CPU
		{370D9ECB-6DD1-4F35-A07C-37F480012B94}.Debug|Any CPU.ActiveCfg = Debug|Any CPU
		{370D9ECB-6DD1-4F35-A07C-37F480012B94}.Debug|Any CPU.Build.0 = Debug|Any CPU
		{370D9ECB-6DD1-4F35-A07C-37F480012B94}.Release|Any CPU.ActiveCfg = Release|Any CPU
		{370D9ECB-6DD1-4F35-A07C-37F480012B94}.Release|Any CPU.Build.0 = Release|Any CPU
	EndGlobalSection
	GlobalSection(SolutionProperties) = preSolution
		HideSolutionNode = FALSE
	EndGlobalSection
	GlobalSection(ExtensibilityGlobals) = postSolution
		SolutionGuid = {A462D755-1CB3-4B32-B273-2903C45E060F}
	EndGlobalSection
EndGlobal
